// !$*UTF8*$!
{
	archiveVersion = 1;
	classes = {
	};
	objectVersion = 50;
	objects = {

/* Begin PBXBuildFile section */
		AA3F84D4209C3A1A00EAA082 /* AppDelegate.m in Sources */ = {isa = PBXBuildFile; fileRef = AA3F84D3209C3A1A00EAA082 /* AppDelegate.m */; };
		AA3F84D7209C3A1A00EAA082 /* ViewController.m in Sources */ = {isa = PBXBuildFile; fileRef = AA3F84D6209C3A1A00EAA082 /* ViewController.m */; };
		AA3F84DC209C3A1C00EAA082 /* Assets.xcassets in Resources */ = {isa = PBXBuildFile; fileRef = AA3F84DB209C3A1C00EAA082 /* Assets.xcassets */; };
		AA3F84E2209C3A1C00EAA082 /* main.m in Sources */ = {isa = PBXBuildFile; fileRef = AA3F84E1209C3A1C00EAA082 /* main.m */; };
		AA3F84EC209C3A1C00EAA082 /* hereTests.m in Sources */ = {isa = PBXBuildFile; fileRef = AA3F84EB209C3A1C00EAA082 /* hereTests.m */; };
		AA3F84F7209C3A1C00EAA082 /* hereUITests.m in Sources */ = {isa = PBXBuildFile; fileRef = AA3F84F6209C3A1C00EAA082 /* hereUITests.m */; };
		AA3F8518209C3E1400EAA082 /* LaunchScreen.storyboard in Resources */ = {isa = PBXBuildFile; fileRef = AA3F8516209C3E1400EAA082 /* LaunchScreen.storyboard */; };
		AA3F8519209C3E1400EAA082 /* Main.storyboard in Resources */ = {isa = PBXBuildFile; fileRef = AA3F8517209C3E1400EAA082 /* Main.storyboard */; };
/* End PBXBuildFile section */

/* Begin PBXContainerItemProxy section */
		AA3F84E8209C3A1C00EAA082 /* PBXContainerItemProxy */ = {
			isa = PBXContainerItemProxy;
			containerPortal = AA3F84C7209C3A1A00EAA082 /* Project object */;
			proxyType = 1;
			remoteGlobalIDString = AA3F84CE209C3A1A00EAA082;
			remoteInfo = here;
		};
		AA3F84F3209C3A1C00EAA082 /* PBXContainerItemProxy */ = {
			isa = PBXContainerItemProxy;
			containerPortal = AA3F84C7209C3A1A00EAA082 /* Project object */;
			proxyType = 1;
			remoteGlobalIDString = AA3F84CE209C3A1A00EAA082;
			remoteInfo = here;
		};
/* End PBXContainerItemProxy section */

/* Begin PBXFileReference section */
		AA3F84CF209C3A1A00EAA082 /* here.app */ = {isa = PBXFileReference; explicitFileType = wrapper.application; includeInIndex = 0; path = here.app; sourceTree = BUILT_PRODUCTS_DIR; };
		AA3F84D2209C3A1A00EAA082 /* AppDelegate.h */ = {isa = PBXFileReference; lastKnownFileType = sourcecode.c.h; path = AppDelegate.h; sourceTree = "<group>"; };
		AA3F84D3209C3A1A00EAA082 /* AppDelegate.m */ = {isa = PBXFileReference; lastKnownFileType = sourcecode.c.objc; path = AppDelegate.m; sourceTree = "<group>"; };
		AA3F84D5209C3A1A00EAA082 /* ViewController.h */ = {isa = PBXFileReference; lastKnownFileType = sourcecode.c.h; path = ViewController.h; sourceTree = "<group>"; };
		AA3F84D6209C3A1A00EAA082 /* ViewController.m */ = {isa = PBXFileReference; lastKnownFileType = sourcecode.c.objc; path = ViewController.m; sourceTree = "<group>"; };
		AA3F84DB209C3A1C00EAA082 /* Assets.xcassets */ = {isa = PBXFileReference; lastKnownFileType = folder.assetcatalog; path = Assets.xcassets; sourceTree = "<group>"; };
		AA3F84E0209C3A1C00EAA082 /* Info.plist */ = {isa = PBXFileReference; lastKnownFileType = text.plist.xml; path = Info.plist; sourceTree = "<group>"; };
		AA3F84E1209C3A1C00EAA082 /* main.m */ = {isa = PBXFileReference; lastKnownFileType = sourcecode.c.objc; path = main.m; sourceTree = "<group>"; };
		AA3F84E7209C3A1C00EAA082 /* hereTests.xctest */ = {isa = PBXFileReference; explicitFileType = wrapper.cfbundle; includeInIndex = 0; path = hereTests.xctest; sourceTree = BUILT_PRODUCTS_DIR; };
		AA3F84EB209C3A1C00EAA082 /* hereTests.m */ = {isa = PBXFileReference; lastKnownFileType = sourcecode.c.objc; path = hereTests.m; sourceTree = "<group>"; };
		AA3F84ED209C3A1C00EAA082 /* Info.plist */ = {isa = PBXFileReference; lastKnownFileType = text.plist.xml; path = Info.plist; sourceTree = "<group>"; };
		AA3F84F2209C3A1C00EAA082 /* hereUITests.xctest */ = {isa = PBXFileReference; explicitFileType = wrapper.cfbundle; includeInIndex = 0; path = hereUITests.xctest; sourceTree = BUILT_PRODUCTS_DIR; };
		AA3F84F6209C3A1C00EAA082 /* hereUITests.m */ = {isa = PBXFileReference; lastKnownFileType = sourcecode.c.objc; path = hereUITests.m; sourceTree = "<group>"; };
		AA3F84F8209C3A1C00EAA082 /* Info.plist */ = {isa = PBXFileReference; lastKnownFileType = text.plist.xml; path = Info.plist; sourceTree = "<group>"; };
		AA3F8516209C3E1400EAA082 /* LaunchScreen.storyboard */ = {isa = PBXFileReference; fileEncoding = 4; lastKnownFileType = file.storyboard; path = LaunchScreen.storyboard; sourceTree = "<group>"; };
		AA3F8517209C3E1400EAA082 /* Main.storyboard */ = {isa = PBXFileReference; fileEncoding = 4; lastKnownFileType = file.storyboard; path = Main.storyboard; sourceTree = "<group>"; };
/* End PBXFileReference section */

/* Begin PBXFrameworksBuildPhase section */
		AA3F84CC209C3A1A00EAA082 /* Frameworks */ = {
			isa = PBXFrameworksBuildPhase;
			buildActionMask = 2147483647;
			files = (
			);
			runOnlyForDeploymentPostprocessing = 0;
		};
		AA3F84E4209C3A1C00EAA082 /* Frameworks */ = {
			isa = PBXFrameworksBuildPhase;
			buildActionMask = 2147483647;
			files = (
			);
			runOnlyForDeploymentPostprocessing = 0;
		};
		AA3F84EF209C3A1C00EAA082 /* Frameworks */ = {
			isa = PBXFrameworksBuildPhase;
			buildActionMask = 2147483647;
			files = (
			);
			runOnlyForDeploymentPostprocessing = 0;
		};
/* End PBXFrameworksBuildPhase section */

/* Begin PBXGroup section */
		AA3F84C6209C3A1A00EAA082 = {
			isa = PBXGroup;
			children = (
				AA3F84D1209C3A1A00EAA082 /* here */,
				AA3F84EA209C3A1C00EAA082 /* hereTests */,
				AA3F84F5209C3A1C00EAA082 /* hereUITests */,
				AA3F84D0209C3A1A00EAA082 /* Products */,
			);
			sourceTree = "<group>";
		};
		AA3F84D0209C3A1A00EAA082 /* Products */ = {
			isa = PBXGroup;
			children = (
				AA3F84CF209C3A1A00EAA082 /* here.app */,
				AA3F84E7209C3A1C00EAA082 /* hereTests.xctest */,
				AA3F84F2209C3A1C00EAA082 /* hereUITests.xctest */,
			);
			name = Products;
			sourceTree = "<group>";
		};
		AA3F84D1209C3A1A00EAA082 /* here */ = {
			isa = PBXGroup;
			children = (
				AA3F8507209C3D2500EAA082 /* Main */,
				AA3F8508209C3D2500EAA082 /* App */,
				AA3F8515209C3D2500EAA082 /* Config */,
				AA3F8504209C3D2400EAA082 /* Extension */,
				AA3F8506209C3D2500EAA082 /* Lib */,
				AA3F8505209C3D2400EAA082 /* Resource */,
				AA3F8514209C3D2500EAA082 /* Storyboard */,
				AA3F84E0209C3A1C00EAA082 /* Info.plist */,
			);
			path = here;
			sourceTree = "<group>";
		};
		AA3F84EA209C3A1C00EAA082 /* hereTests */ = {
			isa = PBXGroup;
			children = (
				AA3F84EB209C3A1C00EAA082 /* hereTests.m */,
				AA3F84ED209C3A1C00EAA082 /* Info.plist */,
			);
			path = hereTests;
			sourceTree = "<group>";
		};
		AA3F84F5209C3A1C00EAA082 /* hereUITests */ = {
			isa = PBXGroup;
			children = (
				AA3F84F6209C3A1C00EAA082 /* hereUITests.m */,
				AA3F84F8209C3A1C00EAA082 /* Info.plist */,
			);
			path = hereUITests;
			sourceTree = "<group>";
		};
		AA3F8504209C3D2400EAA082 /* Extension */ = {
			isa = PBXGroup;
			children = (
			);
			path = Extension;
			sourceTree = "<group>";
		};
		AA3F8505209C3D2400EAA082 /* Resource */ = {
			isa = PBXGroup;
			children = (
				AA3F84DB209C3A1C00EAA082 /* Assets.xcassets */,
			);
			path = Resource;
			sourceTree = "<group>";
		};
		AA3F8506209C3D2500EAA082 /* Lib */ = {
			isa = PBXGroup;
			children = (
			);
			path = Lib;
			sourceTree = "<group>";
		};
		AA3F8507209C3D2500EAA082 /* Main */ = {
			isa = PBXGroup;
			children = (
				AA3F84D2209C3A1A00EAA082 /* AppDelegate.h */,
				AA3F84D3209C3A1A00EAA082 /* AppDelegate.m */,
				AA3F84E1209C3A1C00EAA082 /* main.m */,
			);
			path = Main;
			sourceTree = "<group>";
		};
		AA3F8508209C3D2500EAA082 /* App */ = {
			isa = PBXGroup;
			children = (
				AA3F850E209C3D2500EAA082 /* Base */,
				AA3F8509209C3D2500EAA082 /* Login */,
			);
			path = App;
			sourceTree = "<group>";
		};
		AA3F8509209C3D2500EAA082 /* Login */ = {
			isa = PBXGroup;
			children = (
				AA3F850A209C3D2500EAA082 /* Utils */,
				AA3F850B209C3D2500EAA082 /* Models */,
				AA3F850C209C3D2500EAA082 /* Controllers */,
				AA3F850D209C3D2500EAA082 /* Views */,
			);
			path = Login;
			sourceTree = "<group>";
		};
		AA3F850A209C3D2500EAA082 /* Utils */ = {
			isa = PBXGroup;
			children = (
			);
			path = Utils;
			sourceTree = "<group>";
		};
		AA3F850B209C3D2500EAA082 /* Models */ = {
			isa = PBXGroup;
			children = (
			);
			path = Models;
			sourceTree = "<group>";
		};
		AA3F850C209C3D2500EAA082 /* Controllers */ = {
			isa = PBXGroup;
			children = (
			);
			path = Controllers;
			sourceTree = "<group>";
		};
		AA3F850D209C3D2500EAA082 /* Views */ = {
			isa = PBXGroup;
			children = (
			);
			path = Views;
			sourceTree = "<group>";
		};
		AA3F850E209C3D2500EAA082 /* Base */ = {
			isa = PBXGroup;
			children = (
				AA3F8511209C3D2500EAA082 /* Controllers */,
				AA3F8510209C3D2500EAA082 /* Models */,
				AA3F850F209C3D2500EAA082 /* Utils */,
				AA3F8512209C3D2500EAA082 /* Views */,
			);
			path = Base;
			sourceTree = "<group>";
		};
		AA3F850F209C3D2500EAA082 /* Utils */ = {
			isa = PBXGroup;
			children = (
			);
			path = Utils;
			sourceTree = "<group>";
		};
		AA3F8510209C3D2500EAA082 /* Models */ = {
			isa = PBXGroup;
			children = (
			);
			path = Models;
			sourceTree = "<group>";
		};
		AA3F8511209C3D2500EAA082 /* Controllers */ = {
			isa = PBXGroup;
			children = (
			);
			path = Controllers;
			sourceTree = "<group>";
		};
		AA3F8512209C3D2500EAA082 /* Views */ = {
			isa = PBXGroup;
			children = (
			);
			path = Views;
			sourceTree = "<group>";
		};
		AA3F8514209C3D2500EAA082 /* Storyboard */ = {
			isa = PBXGroup;
			children = (
				AA3F8516209C3E1400EAA082 /* LaunchScreen.storyboard */,
				AA3F8517209C3E1400EAA082 /* Main.storyboard */,
				AA3F84D5209C3A1A00EAA082 /* ViewController.h */,
				AA3F84D6209C3A1A00EAA082 /* ViewController.m */,
			);
			path = Storyboard;
			sourceTree = "<group>";
		};
		AA3F8515209C3D2500EAA082 /* Config */ = {
			isa = PBXGroup;
			children = (
			);
			path = Config;
			sourceTree = "<group>";
		};
/* End PBXGroup section */

/* Begin PBXNativeTarget section */
		AA3F84CE209C3A1A00EAA082 /* here */ = {
			isa = PBXNativeTarget;
			buildConfigurationList = AA3F84FB209C3A1C00EAA082 /* Build configuration list for PBXNativeTarget "here" */;
			buildPhases = (
				AA3F84CB209C3A1A00EAA082 /* Sources */,
				AA3F84CC209C3A1A00EAA082 /* Frameworks */,
				AA3F84CD209C3A1A00EAA082 /* Resources */,
			);
			buildRules = (
			);
			dependencies = (
			);
			name = here;
			productName = here;
			productReference = AA3F84CF209C3A1A00EAA082 /* here.app */;
			productType = "com.apple.product-type.application";
		};
		AA3F84E6209C3A1C00EAA082 /* hereTests */ = {
			isa = PBXNativeTarget;
			buildConfigurationList = AA3F84FE209C3A1C00EAA082 /* Build configuration list for PBXNativeTarget "hereTests" */;
			buildPhases = (
				AA3F84E3209C3A1C00EAA082 /* Sources */,
				AA3F84E4209C3A1C00EAA082 /* Frameworks */,
				AA3F84E5209C3A1C00EAA082 /* Resources */,
			);
			buildRules = (
			);
			dependencies = (
				AA3F84E9209C3A1C00EAA082 /* PBXTargetDependency */,
			);
			name = hereTests;
			productName = hereTests;
			productReference = AA3F84E7209C3A1C00EAA082 /* hereTests.xctest */;
			productType = "com.apple.product-type.bundle.unit-test";
		};
		AA3F84F1209C3A1C00EAA082 /* hereUITests */ = {
			isa = PBXNativeTarget;
			buildConfigurationList = AA3F8501209C3A1C00EAA082 /* Build configuration list for PBXNativeTarget "hereUITests" */;
			buildPhases = (
				AA3F84EE209C3A1C00EAA082 /* Sources */,
				AA3F84EF209C3A1C00EAA082 /* Frameworks */,
				AA3F84F0209C3A1C00EAA082 /* Resources */,
			);
			buildRules = (
			);
			dependencies = (
				AA3F84F4209C3A1C00EAA082 /* PBXTargetDependency */,
			);
			name = hereUITests;
			productName = hereUITests;
			productReference = AA3F84F2209C3A1C00EAA082 /* hereUITests.xctest */;
			productType = "com.apple.product-type.bundle.ui-testing";
		};
/* End PBXNativeTarget section */

/* Begin PBXProject section */
		AA3F84C7209C3A1A00EAA082 /* Project object */ = {
			isa = PBXProject;
			attributes = {
				CLASSPREFIX = PH;
				LastUpgradeCheck = 0930;
				ORGANIZATIONNAME = zhelihenku;
				TargetAttributes = {
					AA3F84CE209C3A1A00EAA082 = {
						CreatedOnToolsVersion = 9.3;
					};
					AA3F84E6209C3A1C00EAA082 = {
						CreatedOnToolsVersion = 9.3;
						TestTargetID = AA3F84CE209C3A1A00EAA082;
					};
					AA3F84F1209C3A1C00EAA082 = {
						CreatedOnToolsVersion = 9.3;
						TestTargetID = AA3F84CE209C3A1A00EAA082;
					};
				};
			};
			buildConfigurationList = AA3F84CA209C3A1A00EAA082 /* Build configuration list for PBXProject "here" */;
			compatibilityVersion = "Xcode 9.3";
			developmentRegion = en;
			hasScannedForEncodings = 0;
			knownRegions = (
				en,
				Base,
			);
			mainGroup = AA3F84C6209C3A1A00EAA082;
			productRefGroup = AA3F84D0209C3A1A00EAA082 /* Products */;
			projectDirPath = "";
			projectRoot = "";
			targets = (
				AA3F84CE209C3A1A00EAA082 /* here */,
				AA3F84E6209C3A1C00EAA082 /* hereTests */,
				AA3F84F1209C3A1C00EAA082 /* hereUITests */,
			);
		};
/* End PBXProject section */

/* Begin PBXResourcesBuildPhase section */
		AA3F84CD209C3A1A00EAA082 /* Resources */ = {
			isa = PBXResourcesBuildPhase;
			buildActionMask = 2147483647;
			files = (
				AA3F8519209C3E1400EAA082 /* Main.storyboard in Resources */,
				AA3F84DC209C3A1C00EAA082 /* Assets.xcassets in Resources */,
				AA3F8518209C3E1400EAA082 /* LaunchScreen.storyboard in Resources */,
			);
			runOnlyForDeploymentPostprocessing = 0;
		};
		AA3F84E5209C3A1C00EAA082 /* Resources */ = {
			isa = PBXResourcesBuildPhase;
			buildActionMask = 2147483647;
			files = (
			);
			runOnlyForDeploymentPostprocessing = 0;
		};
		AA3F84F0209C3A1C00EAA082 /* Resources */ = {
			isa = PBXResourcesBuildPhase;
			buildActionMask = 2147483647;
			files = (
			);
			runOnlyForDeploymentPostprocessing = 0;
		};
/* End PBXResourcesBuildPhase section */

/* Begin PBXSourcesBuildPhase section */
		AA3F84CB209C3A1A00EAA082 /* Sources */ = {
			isa = PBXSourcesBuildPhase;
			buildActionMask = 2147483647;
			files = (
				AA3F84D7209C3A1A00EAA082 /* ViewController.m in Sources */,
				AA3F84E2209C3A1C00EAA082 /* main.m in Sources */,
				AA3F84D4209C3A1A00EAA082 /* AppDelegate.m in Sources */,
			);
			runOnlyForDeploymentPostprocessing = 0;
		};
		AA3F84E3209C3A1C00EAA082 /* Sources */ = {
			isa = PBXSourcesBuildPhase;
			buildActionMask = 2147483647;
			files = (
				AA3F84EC209C3A1C00EAA082 /* hereTests.m in Sources */,
			);
			runOnlyForDeploymentPostprocessing = 0;
		};
		AA3F84EE209C3A1C00EAA082 /* Sources */ = {
			isa = PBXSourcesBuildPhase;
			buildActionMask = 2147483647;
			files = (
				AA3F84F7209C3A1C00EAA082 /* hereUITests.m in Sources */,
			);
			runOnlyForDeploymentPostprocessing = 0;
		};
/* End PBXSourcesBuildPhase section */

/* Begin PBXTargetDependency section */
		AA3F84E9209C3A1C00EAA082 /* PBXTargetDependency */ = {
			isa = PBXTargetDependency;
			target = AA3F84CE209C3A1A00EAA082 /* here */;
			targetProxy = AA3F84E8209C3A1C00EAA082 /* PBXContainerItemProxy */;
		};
		AA3F84F4209C3A1C00EAA082 /* PBXTargetDependency */ = {
			isa = PBXTargetDependency;
			target = AA3F84CE209C3A1A00EAA082 /* here */;
			targetProxy = AA3F84F3209C3A1C00EAA082 /* PBXContainerItemProxy */;
		};
/* End PBXTargetDependency section */

/* Begin XCBuildConfiguration section */
		AA3F84F9209C3A1C00EAA082 /* Debug */ = {
			isa = XCBuildConfiguration;
			buildSettings = {
				ALWAYS_SEARCH_USER_PATHS = NO;
				CLANG_ANALYZER_NONNULL = YES;
				CLANG_ANALYZER_NUMBER_OBJECT_CONVERSION = YES_AGGRESSIVE;
				CLANG_CXX_LANGUAGE_STANDARD = "gnu++14";
				CLANG_CXX_LIBRARY = "libc++";
				CLANG_ENABLE_MODULES = YES;
				CLANG_ENABLE_OBJC_ARC = YES;
				CLANG_ENABLE_OBJC_WEAK = YES;
				CLANG_WARN_BLOCK_CAPTURE_AUTORELEASING = YES;
				CLANG_WARN_BOOL_CONVERSION = YES;
				CLANG_WARN_COMMA = YES;
				CLANG_WARN_CONSTANT_CONVERSION = YES;
				CLANG_WARN_DEPRECATED_OBJC_IMPLEMENTATIONS = YES;
				CLANG_WARN_DIRECT_OBJC_ISA_USAGE = YES_ERROR;
				CLANG_WARN_DOCUMENTATION_COMMENTS = YES;
				CLANG_WARN_EMPTY_BODY = YES;
				CLANG_WARN_ENUM_CONVERSION = YES;
				CLANG_WARN_INFINITE_RECURSION = YES;
				CLANG_WARN_INT_CONVERSION = YES;
				CLANG_WARN_NON_LITERAL_NULL_CONVERSION = YES;
				CLANG_WARN_OBJC_IMPLICIT_RETAIN_SELF = YES;
				CLANG_WARN_OBJC_LITERAL_CONVERSION = YES;
				CLANG_WARN_OBJC_ROOT_CLASS = YES_ERROR;
				CLANG_WARN_RANGE_LOOP_ANALYSIS = YES;
				CLANG_WARN_STRICT_PROTOTYPES = YES;
				CLANG_WARN_SUSPICIOUS_MOVE = YES;
				CLANG_WARN_UNGUARDED_AVAILABILITY = YES_AGGRESSIVE;
				CLANG_WARN_UNREACHABLE_CODE = YES;
				CLANG_WARN__DUPLICATE_METHOD_MATCH = YES;
				CODE_SIGN_IDENTITY = "iPhone Developer";
				COPY_PHASE_STRIP = NO;
				DEBUG_INFORMATION_FORMAT = dwarf;
				ENABLE_STRICT_OBJC_MSGSEND = YES;
				ENABLE_TESTABILITY = YES;
				GCC_C_LANGUAGE_STANDARD = gnu11;
				GCC_DYNAMIC_NO_PIC = NO;
				GCC_NO_COMMON_BLOCKS = YES;
				GCC_OPTIMIZATION_LEVEL = 0;
				GCC_PREPROCESSOR_DEFINITIONS = (
					"DEBUG=1",
					"$(inherited)",
				);
				GCC_WARN_64_TO_32_BIT_CONVERSION = YES;
				GCC_WARN_ABOUT_RETURN_TYPE = YES_ERROR;
				GCC_WARN_UNDECLARED_SELECTOR = YES;
				GCC_WARN_UNINITIALIZED_AUTOS = YES_AGGRESSIVE;
				GCC_WARN_UNUSED_FUNCTION = YES;
				GCC_WARN_UNUSED_VARIABLE = YES;
				IPHONEOS_DEPLOYMENT_TARGET = 11.3;
				MTL_ENABLE_DEBUG_INFO = YES;
				ONLY_ACTIVE_ARCH = YES;
				SDKROOT = iphoneos;
			};
			name = Debug;
		};
		AA3F84FA209C3A1C00EAA082 /* Release */ = {
			isa = XCBuildConfiguration;
			buildSettings = {
				ALWAYS_SEARCH_USER_PATHS = NO;
				CLANG_ANALYZER_NONNULL = YES;
				CLANG_ANALYZER_NUMBER_OBJECT_CONVERSION = YES_AGGRESSIVE;
				CLANG_CXX_LANGUAGE_STANDARD = "gnu++14";
				CLANG_CXX_LIBRARY = "libc++";
				CLANG_ENABLE_MODULES = YES;
				CLANG_ENABLE_OBJC_ARC = YES;
				CLANG_ENABLE_OBJC_WEAK = YES;
				CLANG_WARN_BLOCK_CAPTURE_AUTORELEASING = YES;
				CLANG_WARN_BOOL_CONVERSION = YES;
				CLANG_WARN_COMMA = YES;
				CLANG_WARN_CONSTANT_CONVERSION = YES;
				CLANG_WARN_DEPRECATED_OBJC_IMPLEMENTATIONS = YES;
				CLANG_WARN_DIRECT_OBJC_ISA_USAGE = YES_ERROR;
				CLANG_WARN_DOCUMENTATION_COMMENTS = YES;
				CLANG_WARN_EMPTY_BODY = YES;
				CLANG_WARN_ENUM_CONVERSION = YES;
				CLANG_WARN_INFINITE_RECURSION = YES;
				CLANG_WARN_INT_CONVERSION = YES;
				CLANG_WARN_NON_LITERAL_NULL_CONVERSION = YES;
				CLANG_WARN_OBJC_IMPLICIT_RETAIN_SELF = YES;
				CLANG_WARN_OBJC_LITERAL_CONVERSION = YES;
				CLANG_WARN_OBJC_ROOT_CLASS = YES_ERROR;
				CLANG_WARN_RANGE_LOOP_ANALYSIS = YES;
				CLANG_WARN_STRICT_PROTOTYPES = YES;
				CLANG_WARN_SUSPICIOUS_MOVE = YES;
				CLANG_WARN_UNGUARDED_AVAILABILITY = YES_AGGRESSIVE;
				CLANG_WARN_UNREACHABLE_CODE = YES;
				CLANG_WARN__DUPLICATE_METHOD_MATCH = YES;
				CODE_SIGN_IDENTITY = "iPhone Developer";
				COPY_PHASE_STRIP = NO;
				DEBUG_INFORMATION_FORMAT = "dwarf-with-dsym";
				ENABLE_NS_ASSERTIONS = NO;
				ENABLE_STRICT_OBJC_MSGSEND = YES;
				GCC_C_LANGUAGE_STANDARD = gnu11;
				GCC_NO_COMMON_BLOCKS = YES;
				GCC_WARN_64_TO_32_BIT_CONVERSION = YES;
				GCC_WARN_ABOUT_RETURN_TYPE = YES_ERROR;
				GCC_WARN_UNDECLARED_SELECTOR = YES;
				GCC_WARN_UNINITIALIZED_AUTOS = YES_AGGRESSIVE;
				GCC_WARN_UNUSED_FUNCTION = YES;
				GCC_WARN_UNUSED_VARIABLE = YES;
				IPHONEOS_DEPLOYMENT_TARGET = 11.3;
				MTL_ENABLE_DEBUG_INFO = NO;
				SDKROOT = iphoneos;
				VALIDATE_PRODUCT = YES;
			};
			name = Release;
		};
		AA3F84FC209C3A1C00EAA082 /* Debug */ = {
			isa = XCBuildConfiguration;
			buildSettings = {
				ASSETCATALOG_COMPILER_APPICON_NAME = AppIcon;
				CODE_SIGN_STYLE = Automatic;
				DEVELOPMENT_TEAM = J2XBC8632X;
				INFOPLIST_FILE = here/Info.plist;
				LD_RUNPATH_SEARCH_PATHS = (
					"$(inherited)",
					"@executable_path/Frameworks",
				);
				PRODUCT_BUNDLE_IDENTIFIER = com.zhelihenku.here;
				PRODUCT_NAME = "$(TARGET_NAME)";
				TARGETED_DEVICE_FAMILY = "1,2";
			};
			name = Debug;
		};
		AA3F84FD209C3A1C00EAA082 /* Release */ = {
			isa = XCBuildConfiguration;
			buildSettings = {
				ASSETCATALOG_COMPILER_APPICON_NAME = AppIcon;
				CODE_SIGN_STYLE = Automatic;
				DEVELOPMENT_TEAM = J2XBC8632X;
				INFOPLIST_FILE = here/Info.plist;
				LD_RUNPATH_SEARCH_PATHS = (
					"$(inherited)",
					"@executable_path/Frameworks",
				);
				PRODUCT_BUNDLE_IDENTIFIER = com.zhelihenku.here;
				PRODUCT_NAME = "$(TARGET_NAME)";
				TARGETED_DEVICE_FAMILY = "1,2";
			};
			name = Release;
		};
		AA3F84FF209C3A1C00EAA082 /* Debug */ = {
			isa = XCBuildConfiguration;
			buildSettings = {
				BUNDLE_LOADER = "$(TEST_HOST)";
				CODE_SIGN_STYLE = Automatic;
				DEVELOPMENT_TEAM = J2XBC8632X;
				INFOPLIST_FILE = hereTests/Info.plist;
				LD_RUNPATH_SEARCH_PATHS = (
					"$(inherited)",
					"@executable_path/Frameworks",
					"@loader_path/Frameworks",
				);
				PRODUCT_BUNDLE_IDENTIFIER = com.zhelihenku.hereTests;
				PRODUCT_NAME = "$(TARGET_NAME)";
				TARGETED_DEVICE_FAMILY = "1,2";
				TEST_HOST = "$(BUILT_PRODUCTS_DIR)/here.app/here";
			};
			name = Debug;
		};
		AA3F8500209C3A1C00EAA082 /* Release */ = {
			isa = XCBuildConfiguration;
			buildSettings = {
				BUNDLE_LOADER = "$(TEST_HOST)";
				CODE_SIGN_STYLE = Automatic;
				DEVELOPMENT_TEAM = J2XBC8632X;
				INFOPLIST_FILE = hereTests/Info.plist;
				LD_RUNPATH_SEARCH_PATHS = (
					"$(inherited)",
					"@executable_path/Frameworks",
					"@loader_path/Frameworks",
				);
				PRODUCT_BUNDLE_IDENTIFIER = com.zhelihenku.hereTests;
				PRODUCT_NAME = "$(TARGET_NAME)";
				TARGETED_DEVICE_FAMILY = "1,2";
				TEST_HOST = "$(BUILT_PRODUCTS_DIR)/here.app/here";
			};
			name = Release;
		};
		AA3F8502209C3A1C00EAA082 /* Debug */ = {
			isa = XCBuildConfiguration;
			buildSettings = {
				CODE_SIGN_STYLE = Automatic;
				DEVELOPMENT_TEAM = J2XBC8632X;
				INFOPLIST_FILE = hereUITests/Info.plist;
				LD_RUNPATH_SEARCH_PATHS = (
					"$(inherited)",
					"@executable_path/Frameworks",
					"@loader_path/Frameworks",
				);
				PRODUCT_BUNDLE_IDENTIFIER = com.zhelihenku.hereUITests;
				PRODUCT_NAME = "$(TARGET_NAME)";
				TARGETED_DEVICE_FAMILY = "1,2";
				TEST_TARGET_NAME = here;
			};
			name = Debug;
		};
		AA3F8503209C3A1C00EAA082 /* Release */ = {
			isa = XCBuildConfiguration;
			buildSettings = {
				CODE_SIGN_STYLE = Automatic;
				DEVELOPMENT_TEAM = J2XBC8632X;
				INFOPLIST_FILE = hereUITests/Info.plist;
				LD_RUNPATH_SEARCH_PATHS = (
					"$(inherited)",
					"@executable_path/Frameworks",
					"@loader_path/Frameworks",
				);
				PRODUCT_BUNDLE_IDENTIFIER = com.zhelihenku.hereUITests;
				PRODUCT_NAME = "$(TARGET_NAME)";
				TARGETED_DEVICE_FAMILY = "1,2";
				TEST_TARGET_NAME = here;
			};
			name = Release;
		};
/* End XCBuildConfiguration section */

/* Begin XCConfigurationList section */
		AA3F84CA209C3A1A00EAA082 /* Build configuration list for PBXProject "here" */ = {
			isa = XCConfigurationList;
			buildConfigurations = (
				AA3F84F9209C3A1C00EAA082 /* Debug */,
				AA3F84FA209C3A1C00EAA082 /* Release */,
			);
			defaultConfigurationIsVisible = 0;
			defaultConfigurationName = Release;
		};
		AA3F84FB209C3A1C00EAA082 /* Build configuration list for PBXNativeTarget "here" */ = {
			isa = XCConfigurationList;
			buildConfigurations = (
				AA3F84FC209C3A1C00EAA082 /* Debug */,
				AA3F84FD209C3A1C00EAA082 /* Release */,
			);
			defaultConfigurationIsVisible = 0;
			defaultConfigurationName = Release;
		};
		AA3F84FE209C3A1C00EAA082 /* Build configuration list for PBXNativeTarget "hereTests" */ = {
			isa = XCConfigurationList;
			buildConfigurations = (
				AA3F84FF209C3A1C00EAA082 /* Debug */,
				AA3F8500209C3A1C00EAA082 /* Release */,
			);
			defaultConfigurationIsVisible = 0;
			defaultConfigurationName = Release;
		};
		AA3F8501209C3A1C00EAA082 /* Build configuration list for PBXNativeTarget "hereUITests" */ = {
			isa = XCConfigurationList;
			buildConfigurations = (
				AA3F8502209C3A1C00EAA082 /* Debug */,
				AA3F8503209C3A1C00EAA082 /* Release */,
			);
			defaultConfigurationIsVisible = 0;
			defaultConfigurationName = Release;
		};
/* End XCConfigurationList section */
	};
	rootObject = AA3F84C7209C3A1A00EAA082 /* Project object */;
}
